// !$*UTF8*$!
{
	archiveVersion = 1;
	classes = {
	};
	objectVersion = 56;
	objects = {

/* Begin PBXBuildFile section */
		62C2292D29C6C0AA001E82C0 /* AmpolApp.swift in Sources */ = {isa = PBXBuildFile; fileRef = 62C2292C29C6C0AA001E82C0 /* AmpolApp.swift */; };
		62C2292F29C6C0AA001E82C0 /* ContentView.swift in Sources */ = {isa = PBXBuildFile; fileRef = 62C2292E29C6C0AA001E82C0 /* ContentView.swift */; };
		62C2293129C6C0AB001E82C0 /* Assets.xcassets in Resources */ = {isa = PBXBuildFile; fileRef = 62C2293029C6C0AB001E82C0 /* Assets.xcassets */; };
		62C2293429C6C0AB001E82C0 /* Preview Assets.xcassets in Resources */ = {isa = PBXBuildFile; fileRef = 62C2293329C6C0AB001E82C0 /* Preview Assets.xcassets */; };
		62C2293E29C6C0AB001E82C0 /* AmpolTests.swift in Sources */ = {isa = PBXBuildFile; fileRef = 62C2293D29C6C0AB001E82C0 /* AmpolTests.swift */; };
		62C2294829C6C0AB001E82C0 /* AmpolUITests.swift in Sources */ = {isa = PBXBuildFile; fileRef = 62C2294729C6C0AB001E82C0 /* AmpolUITests.swift */; };
		62C2294A29C6C0AB001E82C0 /* AmpolUITestsLaunchTests.swift in Sources */ = {isa = PBXBuildFile; fileRef = 62C2294929C6C0AB001E82C0 /* AmpolUITestsLaunchTests.swift */; };
/* End PBXBuildFile section */

/* Begin PBXContainerItemProxy section */
		62C2293A29C6C0AB001E82C0 /* PBXContainerItemProxy */ = {
			isa = PBXContainerItemProxy;
			containerPortal = 62C2292129C6C0AA001E82C0 /* Project object */;
			proxyType = 1;
			remoteGlobalIDString = 62C2292829C6C0AA001E82C0;
			remoteInfo = Ampol;
		};
		62C2294429C6C0AB001E82C0 /* PBXContainerItemProxy */ = {
			isa = PBXContainerItemProxy;
			containerPortal = 62C2292129C6C0AA001E82C0 /* Project object */;
			proxyType = 1;
			remoteGlobalIDString = 62C2292829C6C0AA001E82C0;
			remoteInfo = Ampol;
		};
/* End PBXContainerItemProxy section */

/* Begin PBXFileReference section */
		62C2292929C6C0AA001E82C0 /* Ampol.app */ = {isa = PBXFileReference; explicitFileType = wrapper.application; includeInIndex = 0; path = Ampol.app; sourceTree = BUILT_PRODUCTS_DIR; };
		62C2292C29C6C0AA001E82C0 /* AmpolApp.swift */ = {isa = PBXFileReference; lastKnownFileType = sourcecode.swift; path = AmpolApp.swift; sourceTree = "<group>"; };
		62C2292E29C6C0AA001E82C0 /* ContentView.swift */ = {isa = PBXFileReference; lastKnownFileType = sourcecode.swift; path = ContentView.swift; sourceTree = "<group>"; };
		62C2293029C6C0AB001E82C0 /* Assets.xcassets */ = {isa = PBXFileReference; lastKnownFileType = folder.assetcatalog; path = Assets.xcassets; sourceTree = "<group>"; };
		62C2293329C6C0AB001E82C0 /* Preview Assets.xcassets */ = {isa = PBXFileReference; lastKnownFileType = folder.assetcatalog; path = "Preview Assets.xcassets"; sourceTree = "<group>"; };
		62C2293929C6C0AB001E82C0 /* AmpolTests.xctest */ = {isa = PBXFileReference; explicitFileType = wrapper.cfbundle; includeInIndex = 0; path = AmpolTests.xctest; sourceTree = BUILT_PRODUCTS_DIR; };
		62C2293D29C6C0AB001E82C0 /* AmpolTests.swift */ = {isa = PBXFileReference; lastKnownFileType = sourcecode.swift; path = AmpolTests.swift; sourceTree = "<group>"; };
		62C2294329C6C0AB001E82C0 /* AmpolUITests.xctest */ = {isa = PBXFileReference; explicitFileType = wrapper.cfbundle; includeInIndex = 0; path = AmpolUITests.xctest; sourceTree = BUILT_PRODUCTS_DIR; };
		62C2294729C6C0AB001E82C0 /* AmpolUITests.swift */ = {isa = PBXFileReference; lastKnownFileType = sourcecode.swift; path = AmpolUITests.swift; sourceTree = "<group>"; };
		62C2294929C6C0AB001E82C0 /* AmpolUITestsLaunchTests.swift */ = {isa = PBXFileReference; lastKnownFileType = sourcecode.swift; path = AmpolUITestsLaunchTests.swift; sourceTree = "<group>"; };
/* End PBXFileReference section */

/* Begin PBXFrameworksBuildPhase section */
		62C2292629C6C0AA001E82C0 /* Frameworks */ = {
			isa = PBXFrameworksBuildPhase;
			buildActionMask = 2147483647;
			files = (
			);
			runOnlyForDeploymentPostprocessing = 0;
		};
		62C2293629C6C0AB001E82C0 /* Frameworks */ = {
			isa = PBXFrameworksBuildPhase;
			buildActionMask = 2147483647;
			files = (
			);
			runOnlyForDeploymentPostprocessing = 0;
		};
		62C2294029C6C0AB001E82C0 /* Frameworks */ = {
			isa = PBXFrameworksBuildPhase;
			buildActionMask = 2147483647;
			files = (
			);
			runOnlyForDeploymentPostprocessing = 0;
		};
/* End PBXFrameworksBuildPhase section */

/* Begin PBXGroup section */
		62C2292029C6C0AA001E82C0 = {
			isa = PBXGroup;
			children = (
				62C2292B29C6C0AA001E82C0 /* Ampol */,
				62C2293C29C6C0AB001E82C0 /* AmpolTests */,
				62C2294629C6C0AB001E82C0 /* AmpolUITests */,
				62C2292A29C6C0AA001E82C0 /* Products */,
			);
			sourceTree = "<group>";
		};
		62C2292A29C6C0AA001E82C0 /* Products */ = {
			isa = PBXGroup;
			children = (
				62C2292929C6C0AA001E82C0 /* Ampol.app */,
				62C2293929C6C0AB001E82C0 /* AmpolTests.xctest */,
				62C2294329C6C0AB001E82C0 /* AmpolUITests.xctest */,
			);
			name = Products;
			sourceTree = "<group>";
		};
		62C2292B29C6C0AA001E82C0 /* Ampol */ = {
			isa = PBXGroup;
			children = (
				62C2292C29C6C0AA001E82C0 /* AmpolApp.swift */,
				62C2292E29C6C0AA001E82C0 /* ContentView.swift */,
				62C2293029C6C0AB001E82C0 /* Assets.xcassets */,
				62C2293229C6C0AB001E82C0 /* Preview Content */,
			);
			path = Ampol;
			sourceTree = "<group>";
		};
		62C2293229C6C0AB001E82C0 /* Preview Content */ = {
			isa = PBXGroup;
			children = (
				62C2293329C6C0AB001E82C0 /* Preview Assets.xcassets */,
			);
			path = "Preview Content";
			sourceTree = "<group>";
		};
		62C2293C29C6C0AB001E82C0 /* AmpolTests */ = {
			isa = PBXGroup;
			children = (
				62C2293D29C6C0AB001E82C0 /* AmpolTests.swift */,
			);
			path = AmpolTests;
			sourceTree = "<group>";
		};
		62C2294629C6C0AB001E82C0 /* AmpolUITests */ = {
			isa = PBXGroup;
			children = (
				62C2294729C6C0AB001E82C0 /* AmpolUITests.swift */,
				62C2294929C6C0AB001E82C0 /* AmpolUITestsLaunchTests.swift */,
			);
			path = AmpolUITests;
			sourceTree = "<group>";
		};
/* End PBXGroup section */

/* Begin PBXNativeTarget section */
		62C2292829C6C0AA001E82C0 /* Ampol */ = {
			isa = PBXNativeTarget;
			buildConfigurationList = 62C2294D29C6C0AB001E82C0 /* Build configuration list for PBXNativeTarget "Ampol" */;
			buildPhases = (
				62C2292529C6C0AA001E82C0 /* Sources */,
				62C2292629C6C0AA001E82C0 /* Frameworks */,
				62C2292729C6C0AA001E82C0 /* Resources */,
			);
			buildRules = (
			);
			dependencies = (
			);
			name = Ampol;
			productName = Ampol;
			productReference = 62C2292929C6C0AA001E82C0 /* Ampol.app */;
			productType = "com.apple.product-type.application";
		};
		62C2293829C6C0AB001E82C0 /* AmpolTests */ = {
			isa = PBXNativeTarget;
			buildConfigurationList = 62C2295029C6C0AB001E82C0 /* Build configuration list for PBXNativeTarget "AmpolTests" */;
			buildPhases = (
				62C2293529C6C0AB001E82C0 /* Sources */,
				62C2293629C6C0AB001E82C0 /* Frameworks */,
				62C2293729C6C0AB001E82C0 /* Resources */,
			);
			buildRules = (
			);
			dependencies = (
				62C2293B29C6C0AB001E82C0 /* PBXTargetDependency */,
			);
			name = AmpolTests;
			productName = AmpolTests;
			productReference = 62C2293929C6C0AB001E82C0 /* AmpolTests.xctest */;
			productType = "com.apple.product-type.bundle.unit-test";
		};
		62C2294229C6C0AB001E82C0 /* AmpolUITests */ = {
			isa = PBXNativeTarget;
			buildConfigurationList = 62C2295329C6C0AB001E82C0 /* Build configuration list for PBXNativeTarget "AmpolUITests" */;
			buildPhases = (
				62C2293F29C6C0AB001E82C0 /* Sources */,
				62C2294029C6C0AB001E82C0 /* Frameworks */,
				62C2294129C6C0AB001E82C0 /* Resources */,
			);
			buildRules = (
			);
			dependencies = (
				62C2294529C6C0AB001E82C0 /* PBXTargetDependency */,
			);
			name = AmpolUITests;
			productName = AmpolUITests;
			productReference = 62C2294329C6C0AB001E82C0 /* AmpolUITests.xctest */;
			productType = "com.apple.product-type.bundle.ui-testing";
		};
/* End PBXNativeTarget section */

/* Begin PBXProject section */
		62C2292129C6C0AA001E82C0 /* Project object */ = {
			isa = PBXProject;
			attributes = {
				BuildIndependentTargetsInParallel = 1;
				LastSwiftUpdateCheck = 1420;
				LastUpgradeCheck = 1420;
				TargetAttributes = {
					62C2292829C6C0AA001E82C0 = {
						CreatedOnToolsVersion = 14.2;
					};
					62C2293829C6C0AB001E82C0 = {
						CreatedOnToolsVersion = 14.2;
						TestTargetID = 62C2292829C6C0AA001E82C0;
					};
					62C2294229C6C0AB001E82C0 = {
						CreatedOnToolsVersion = 14.2;
						TestTargetID = 62C2292829C6C0AA001E82C0;
					};
				};
			};
			buildConfigurationList = 62C2292429C6C0AA001E82C0 /* Build configuration list for PBXProject "Ampol" */;
			compatibilityVersion = "Xcode 14.0";
			developmentRegion = en;
			hasScannedForEncodings = 0;
			knownRegions = (
				en,
				Base,
			);
			mainGroup = 62C2292029C6C0AA001E82C0;
			productRefGroup = 62C2292A29C6C0AA001E82C0 /* Products */;
			projectDirPath = "";
			projectRoot = "";
			targets = (
				62C2292829C6C0AA001E82C0 /* Ampol */,
				62C2293829C6C0AB001E82C0 /* AmpolTests */,
				62C2294229C6C0AB001E82C0 /* AmpolUITests */,
			);
		};
/* End PBXProject section */

/* Begin PBXResourcesBuildPhase section */
		62C2292729C6C0AA001E82C0 /* Resources */ = {
			isa = PBXResourcesBuildPhase;
			buildActionMask = 2147483647;
			files = (
				62C2293429C6C0AB001E82C0 /* Preview Assets.xcassets in Resources */,
				62C2293129C6C0AB001E82C0 /* Assets.xcassets in Resources */,
			);
			runOnlyForDeploymentPostprocessing = 0;
		};
		62C2293729C6C0AB001E82C0 /* Resources */ = {
			isa = PBXResourcesBuildPhase;
			buildActionMask = 2147483647;
			files = (
			);
			runOnlyForDeploymentPostprocessing = 0;
		};
		62C2294129C6C0AB001E82C0 /* Resources */ = {
			isa = PBXResourcesBuildPhase;
			buildActionMask = 2147483647;
			files = (
			);
			runOnlyForDeploymentPostprocessing = 0;
		};
/* End PBXResourcesBuildPhase section */

/* Begin PBXSourcesBuildPhase section */
		62C2292529C6C0AA001E82C0 /* Sources */ = {
			isa = PBXSourcesBuildPhase;
			buildActionMask = 2147483647;
			files = (
				62C2292F29C6C0AA001E82C0 /* ContentView.swift in Sources */,
				62C2292D29C6C0AA001E82C0 /* AmpolApp.swift in Sources */,
			);
			runOnlyForDeploymentPostprocessing = 0;
		};
		62C2293529C6C0AB001E82C0 /* Sources */ = {
			isa = PBXSourcesBuildPhase;
			buildActionMask = 2147483647;
			files = (
				62C2293E29C6C0AB001E82C0 /* AmpolTests.swift in Sources */,
			);
			runOnlyForDeploymentPostprocessing = 0;
		};
		62C2293F29C6C0AB001E82C0 /* Sources */ = {
			isa = PBXSourcesBuildPhase;
			buildActionMask = 2147483647;
			files = (
				62C2294A29C6C0AB001E82C0 /* AmpolUITestsLaunchTests.swift in Sources */,
				62C2294829C6C0AB001E82C0 /* AmpolUITests.swift in Sources */,
			);
			runOnlyForDeploymentPostprocessing = 0;
		};
/* End PBXSourcesBuildPhase section */

/* Begin PBXTargetDependency section */
		62C2293B29C6C0AB001E82C0 /* PBXTargetDependency */ = {
			isa = PBXTargetDependency;
			target = 62C2292829C6C0AA001E82C0 /* Ampol */;
			targetProxy = 62C2293A29C6C0AB001E82C0 /* PBXContainerItemProxy */;
		};
		62C2294529C6C0AB001E82C0 /* PBXTargetDependency */ = {
			isa = PBXTargetDependency;
			target = 62C2292829C6C0AA001E82C0 /* Ampol */;
			targetProxy = 62C2294429C6C0AB001E82C0 /* PBXContainerItemProxy */;
		};
/* End PBXTargetDependency section */

/* Begin XCBuildConfiguration section */
		62C2294B29C6C0AB001E82C0 /* Debug */ = {
			isa = XCBuildConfiguration;
			buildSettings = {
				ALWAYS_SEARCH_USER_PATHS = NO;
				CLANG_ANALYZER_NONNULL = YES;
				CLANG_ANALYZER_NUMBER_OBJECT_CONVERSION = YES_AGGRESSIVE;
				CLANG_CXX_LANGUAGE_STANDARD = "gnu++20";
				CLANG_ENABLE_MODULES = YES;
				CLANG_ENABLE_OBJC_ARC = YES;
				CLANG_ENABLE_OBJC_WEAK = YES;
				CLANG_WARN_BLOCK_CAPTURE_AUTORELEASING = YES;
				CLANG_WARN_BOOL_CONVERSION = YES;
				CLANG_WARN_COMMA = YES;
				CLANG_WARN_CONSTANT_CONVERSION = YES;
				CLANG_WARN_DEPRECATED_OBJC_IMPLEMENTATIONS = YES;
				CLANG_WARN_DIRECT_OBJC_ISA_USAGE = YES_ERROR;
				CLANG_WARN_DOCUMENTATION_COMMENTS = YES;
				CLANG_WARN_EMPTY_BODY = YES;
				CLANG_WARN_ENUM_CONVERSION = YES;
				CLANG_WARN_INFINITE_RECURSION = YES;
				CLANG_WARN_INT_CONVERSION = YES;
				CLANG_WARN_NON_LITERAL_NULL_CONVERSION = YES;
				CLANG_WARN_OBJC_IMPLICIT_RETAIN_SELF = YES;
				CLANG_WARN_OBJC_LITERAL_CONVERSION = YES;
				CLANG_WARN_OBJC_ROOT_CLASS = YES_ERROR;
				CLANG_WARN_QUOTED_INCLUDE_IN_FRAMEWORK_HEADER = YES;
				CLANG_WARN_RANGE_LOOP_ANALYSIS = YES;
				CLANG_WARN_STRICT_PROTOTYPES = YES;
				CLANG_WARN_SUSPICIOUS_MOVE = YES;
				CLANG_WARN_UNGUARDED_AVAILABILITY = YES_AGGRESSIVE;
				CLANG_WARN_UNREACHABLE_CODE = YES;
				CLANG_WARN__DUPLICATE_METHOD_MATCH = YES;
				COPY_PHASE_STRIP = NO;
				DEBUG_INFORMATION_FORMAT = dwarf;
				ENABLE_STRICT_OBJC_MSGSEND = YES;
				ENABLE_TESTABILITY = YES;
				GCC_C_LANGUAGE_STANDARD = gnu11;
				GCC_DYNAMIC_NO_PIC = NO;
				GCC_NO_COMMON_BLOCKS = YES;
				GCC_OPTIMIZATION_LEVEL = 0;
				GCC_PREPROCESSOR_DEFINITIONS = (
					"DEBUG=1",
					"$(inherited)",
				);
				GCC_WARN_64_TO_32_BIT_CONVERSION = YES;
				GCC_WARN_ABOUT_RETURN_TYPE = YES_ERROR;
				GCC_WARN_UNDECLARED_SELECTOR = YES;
				GCC_WARN_UNINITIALIZED_AUTOS = YES_AGGRESSIVE;
				GCC_WARN_UNUSED_FUNCTION = YES;
				GCC_WARN_UNUSED_VARIABLE = YES;
				IPHONEOS_DEPLOYMENT_TARGET = 16.2;
				MTL_ENABLE_DEBUG_INFO = INCLUDE_SOURCE;
				MTL_FAST_MATH = YES;
				ONLY_ACTIVE_ARCH = YES;
				SDKROOT = iphoneos;
				SWIFT_ACTIVE_COMPILATION_CONDITIONS = DEBUG;
				SWIFT_OPTIMIZATION_LEVEL = "-Onone";
			};
			name = Debug;
		};
		62C2294C29C6C0AB001E82C0 /* Release */ = {
			isa = XCBuildConfiguration;
			buildSettings = {
				ALWAYS_SEARCH_USER_PATHS = NO;
				CLANG_ANALYZER_NONNULL = YES;
				CLANG_ANALYZER_NUMBER_OBJECT_CONVERSION = YES_AGGRESSIVE;
				CLANG_CXX_LANGUAGE_STANDARD = "gnu++20";
				CLANG_ENABLE_MODULES = YES;
				CLANG_ENABLE_OBJC_ARC = YES;
				CLANG_ENABLE_OBJC_WEAK = YES;
				CLANG_WARN_BLOCK_CAPTURE_AUTORELEASING = YES;
				CLANG_WARN_BOOL_CONVERSION = YES;
				CLANG_WARN_COMMA = YES;
				CLANG_WARN_CONSTANT_CONVERSION = YES;
				CLANG_WARN_DEPRECATED_OBJC_IMPLEMENTATIONS = YES;
				CLANG_WARN_DIRECT_OBJC_ISA_USAGE = YES_ERROR;
				CLANG_WARN_DOCUMENTATION_COMMENTS = YES;
				CLANG_WARN_EMPTY_BODY = YES;
				CLANG_WARN_ENUM_CONVERSION = YES;
				CLANG_WARN_INFINITE_RECURSION = YES;
				CLANG_WARN_INT_CONVERSION = YES;
				CLANG_WARN_NON_LITERAL_NULL_CONVERSION = YES;
				CLANG_WARN_OBJC_IMPLICIT_RETAIN_SELF = YES;
				CLANG_WARN_OBJC_LITERAL_CONVERSION = YES;
				CLANG_WARN_OBJC_ROOT_CLASS = YES_ERROR;
				CLANG_WARN_QUOTED_INCLUDE_IN_FRAMEWORK_HEADER = YES;
				CLANG_WARN_RANGE_LOOP_ANALYSIS = YES;
				CLANG_WARN_STRICT_PROTOTYPES = YES;
				CLANG_WARN_SUSPICIOUS_MOVE = YES;
				CLANG_WARN_UNGUARDED_AVAILABILITY = YES_AGGRESSIVE;
				CLANG_WARN_UNREACHABLE_CODE = YES;
				CLANG_WARN__DUPLICATE_METHOD_MATCH = YES;
				COPY_PHASE_STRIP = NO;
				DEBUG_INFORMATION_FORMAT = "dwarf-with-dsym";
				ENABLE_NS_ASSERTIONS = NO;
				ENABLE_STRICT_OBJC_MSGSEND = YES;
				GCC_C_LANGUAGE_STANDARD = gnu11;
				GCC_NO_COMMON_BLOCKS = YES;
				GCC_WARN_64_TO_32_BIT_CONVERSION = YES;
				GCC_WARN_ABOUT_RETURN_TYPE = YES_ERROR;
				GCC_WARN_UNDECLARED_SELECTOR = YES;
				GCC_WARN_UNINITIALIZED_AUTOS = YES_AGGRESSIVE;
				GCC_WARN_UNUSED_FUNCTION = YES;
				GCC_WARN_UNUSED_VARIABLE = YES;
				IPHONEOS_DEPLOYMENT_TARGET = 16.2;
				MTL_ENABLE_DEBUG_INFO = NO;
				MTL_FAST_MATH = YES;
				SDKROOT = iphoneos;
				SWIFT_COMPILATION_MODE = wholemodule;
				SWIFT_OPTIMIZATION_LEVEL = "-O";
				VALIDATE_PRODUCT = YES;
			};
			name = Release;
		};
		62C2294E29C6C0AB001E82C0 /* Debug */ = {
			isa = XCBuildConfiguration;
			buildSettings = {
				ASSETCATALOG_COMPILER_APPICON_NAME = AppIcon;
				ASSETCATALOG_COMPILER_GLOBAL_ACCENT_COLOR_NAME = AccentColor;
				CODE_SIGN_STYLE = Automatic;
				CURRENT_PROJECT_VERSION = 1;
				DEVELOPMENT_ASSET_PATHS = "\"Ampol/Preview Content\"";
				DEVELOPMENT_TEAM = 2QX9SH777P;
				ENABLE_PREVIEWS = YES;
				GENERATE_INFOPLIST_FILE = YES;
				INFOPLIST_KEY_UIApplicationSceneManifest_Generation = YES;
				INFOPLIST_KEY_UIApplicationSupportsIndirectInputEvents = YES;
				INFOPLIST_KEY_UILaunchScreen_Generation = YES;
				INFOPLIST_KEY_UISupportedInterfaceOrientations_iPad = "UIInterfaceOrientationPortrait UIInterfaceOrientationPortraitUpsideDown UIInterfaceOrientationLandscapeLeft UIInterfaceOrientationLandscapeRight";
				INFOPLIST_KEY_UISupportedInterfaceOrientations_iPhone = "UIInterfaceOrientationPortrait UIInterfaceOrientationLandscapeLeft UIInterfaceOrientationLandscapeRight";
				LD_RUNPATH_SEARCH_PATHS = (
					"$(inherited)",
					"@executable_path/Frameworks",
				);
				MARKETING_VERSION = 1.0;
				PRODUCT_BUNDLE_IDENTIFIER = au.com.makemeapp.Ampol;
				PRODUCT_NAME = "$(TARGET_NAME)";
				SWIFT_EMIT_LOC_STRINGS = YES;
				SWIFT_VERSION = 5.0;
				TARGETED_DEVICE_FAMILY = "1,2";
			};
			name = Debug;
		};
		62C2294F29C6C0AB001E82C0 /* Release */ = {
			isa = XCBuildConfiguration;
			buildSettings = {
				ASSETCATALOG_COMPILER_APPICON_NAME = AppIcon;
				ASSETCATALOG_COMPILER_GLOBAL_ACCENT_COLOR_NAME = AccentColor;
				CODE_SIGN_STYLE = Automatic;
				CURRENT_PROJECT_VERSION = 1;
				DEVELOPMENT_ASSET_PATHS = "\"Ampol/Preview Content\"";
				DEVELOPMENT_TEAM = 2QX9SH777P;
				ENABLE_PREVIEWS = YES;
				GENERATE_INFOPLIST_FILE = YES;
				INFOPLIST_KEY_UIApplicationSceneManifest_Generation = YES;
				INFOPLIST_KEY_UIApplicationSupportsIndirectInputEvents = YES;
				INFOPLIST_KEY_UILaunchScreen_Generation = YES;
				INFOPLIST_KEY_UISupportedInterfaceOrientations_iPad = "UIInterfaceOrientationPortrait UIInterfaceOrientationPortraitUpsideDown UIInterfaceOrientationLandscapeLeft UIInterfaceOrientationLandscapeRight";
				INFOPLIST_KEY_UISupportedInterfaceOrientations_iPhone = "UIInterfaceOrientationPortrait UIInterfaceOrientationLandscapeLeft UIInterfaceOrientationLandscapeRight";
				LD_RUNPATH_SEARCH_PATHS = (
					"$(inherited)",
					"@executable_path/Frameworks",
				);
				MARKETING_VERSION = 1.0;
				PRODUCT_BUNDLE_IDENTIFIER = au.com.makemeapp.Ampol;
				PRODUCT_NAME = "$(TARGET_NAME)";
				SWIFT_EMIT_LOC_STRINGS = YES;
				SWIFT_VERSION = 5.0;
				TARGETED_DEVICE_FAMILY = "1,2";
			};
			name = Release;
		};
		62C2295129C6C0AB001E82C0 /* Debug */ = {
			isa = XCBuildConfiguration;
			buildSettings = {
				ALWAYS_EMBED_SWIFT_STANDARD_LIBRARIES = YES;
				BUNDLE_LOADER = "$(TEST_HOST)";
				CODE_SIGN_STYLE = Automatic;
				CURRENT_PROJECT_VERSION = 1;
				DEVELOPMENT_TEAM = 2QX9SH777P;
				GENERATE_INFOPLIST_FILE = YES;
				IPHONEOS_DEPLOYMENT_TARGET = 16.2;
				MARKETING_VERSION = 1.0;
				PRODUCT_BUNDLE_IDENTIFIER = au.com.makemeapp.AmpolTests;
				PRODUCT_NAME = "$(TARGET_NAME)";
				SWIFT_EMIT_LOC_STRINGS = NO;
				SWIFT_VERSION = 5.0;
				TARGETED_DEVICE_FAMILY = "1,2";
				TEST_HOST = "$(BUILT_PRODUCTS_DIR)/Ampol.app/$(BUNDLE_EXECUTABLE_FOLDER_PATH)/Ampol";
			};
			name = Debug;
		};
		62C2295229C6C0AB001E82C0 /* Release */ = {
			isa = XCBuildConfiguration;
			buildSettings = {
				ALWAYS_EMBED_SWIFT_STANDARD_LIBRARIES = YES;
				BUNDLE_LOADER = "$(TEST_HOST)";
				CODE_SIGN_STYLE = Automatic;
				CURRENT_PROJECT_VERSION = 1;
				DEVELOPMENT_TEAM = 2QX9SH777P;
				GENERATE_INFOPLIST_FILE = YES;
				IPHONEOS_DEPLOYMENT_TARGET = 16.2;
				MARKETING_VERSION = 1.0;
				PRODUCT_BUNDLE_IDENTIFIER = au.com.makemeapp.AmpolTests;
				PRODUCT_NAME = "$(TARGET_NAME)";
				SWIFT_EMIT_LOC_STRINGS = NO;
				SWIFT_VERSION = 5.0;
				TARGETED_DEVICE_FAMILY = "1,2";
				TEST_HOST = "$(BUILT_PRODUCTS_DIR)/Ampol.app/$(BUNDLE_EXECUTABLE_FOLDER_PATH)/Ampol";
			};
			name = Release;
		};
		62C2295429C6C0AB001E82C0 /* Debug */ = {
			isa = XCBuildConfiguration;
			buildSettings = {
				ALWAYS_EMBED_SWIFT_STANDARD_LIBRARIES = YES;
				CODE_SIGN_STYLE = Automatic;
				CURRENT_PROJECT_VERSION = 1;
				DEVELOPMENT_TEAM = 2QX9SH777P;
				GENERATE_INFOPLIST_FILE = YES;
				MARKETING_VERSION = 1.0;
				PRODUCT_BUNDLE_IDENTIFIER = au.com.makemeapp.AmpolUITests;
				PRODUCT_NAME = "$(TARGET_NAME)";
				SWIFT_EMIT_LOC_STRINGS = NO;
				SWIFT_VERSION = 5.0;
				TARGETED_DEVICE_FAMILY = "1,2";
				TEST_TARGET_NAME = Ampol;
			};
			name = Debug;
		};
		62C2295529C6C0AB001E82C0 /* Release */ = {
			isa = XCBuildConfiguration;
			buildSettings = {
				ALWAYS_EMBED_SWIFT_STANDARD_LIBRARIES = YES;
				CODE_SIGN_STYLE = Automatic;
				CURRENT_PROJECT_VERSION = 1;
				DEVELOPMENT_TEAM = 2QX9SH777P;
				GENERATE_INFOPLIST_FILE = YES;
				MARKETING_VERSION = 1.0;
				PRODUCT_BUNDLE_IDENTIFIER = au.com.makemeapp.AmpolUITests;
				PRODUCT_NAME = "$(TARGET_NAME)";
				SWIFT_EMIT_LOC_STRINGS = NO;
				SWIFT_VERSION = 5.0;
				TARGETED_DEVICE_FAMILY = "1,2";
				TEST_TARGET_NAME = Ampol;
			};
			name = Release;
		};
/* End XCBuildConfiguration section */

/* Begin XCConfigurationList section */
		62C2292429C6C0AA001E82C0 /* Build configuration list for PBXProject "Ampol" */ = {
			isa = XCConfigurationList;
			buildConfigurations = (
				62C2294B29C6C0AB001E82C0 /* Debug */,
				62C2294C29C6C0AB001E82C0 /* Release */,
			);
			defaultConfigurationIsVisible = 0;
			defaultConfigurationName = Release;
		};
		62C2294D29C6C0AB001E82C0 /* Build configuration list for PBXNativeTarget "Ampol" */ = {
			isa = XCConfigurationList;
			buildConfigurations = (
				62C2294E29C6C0AB001E82C0 /* Debug */,
				62C2294F29C6C0AB001E82C0 /* Release */,
			);
			defaultConfigurationIsVisible = 0;
			defaultConfigurationName = Release;
		};
		62C2295029C6C0AB001E82C0 /* Build configuration list for PBXNativeTarget "AmpolTests" */ = {
			isa = XCConfigurationList;
			buildConfigurations = (
				62C2295129C6C0AB001E82C0 /* Debug */,
				62C2295229C6C0AB001E82C0 /* Release */,
			);
			defaultConfigurationIsVisible = 0;
			defaultConfigurationName = Release;
		};
		62C2295329C6C0AB001E82C0 /* Build configuration list for PBXNativeTarget "AmpolUITests" */ = {
			isa = XCConfigurationList;
			buildConfigurations = (
				62C2295429C6C0AB001E82C0 /* Debug */,
				62C2295529C6C0AB001E82C0 /* Release */,
			);
			defaultConfigurationIsVisible = 0;
			defaultConfigurationName = Release;
		};
/* End XCConfigurationList section */
	};
	rootObject = 62C2292129C6C0AA001E82C0 /* Project object */;
}
